// !$*UTF8*$!
{
	archiveVersion = 1;
	classes = {
	};
	objectVersion = 56;
	objects = {

/* Begin PBXBuildFile section */
		A00000000000000000000020 /* CodexWatcherHostApp.swift in Sources */ = {isa = PBXBuildFile; fileRef = A00000000000000000000010 /* CodexWatcherHostApp.swift */; };
		A00000000000000000000021 /* ContentView.swift in Sources */ = {isa = PBXBuildFile; fileRef = A00000000000000000000011 /* ContentView.swift */; };
		A00000000000000000000022 /* CodexUsageParser.swift in Sources */ = {isa = PBXBuildFile; fileRef = A00000000000000000000015 /* CodexUsageParser.swift */; };
		A00000000000000000000023 /* CodexUsageLogStore.swift in Sources */ = {isa = PBXBuildFile; fileRef = A00000000000000000000016 /* CodexUsageLogStore.swift */; };
		A00000000000000000000024 /* CodexUsageSummary.swift in Sources */ = {isa = PBXBuildFile; fileRef = A00000000000000000000017 /* CodexUsageSummary.swift */; };
		A00000000000000000000025 /* CodexWatcherWidget.swift in Sources */ = {isa = PBXBuildFile; fileRef = A00000000000000000000013 /* CodexWatcherWidget.swift */; };
		A00000000000000000000026 /* CodexUsageParser.swift in Sources */ = {isa = PBXBuildFile; fileRef = A00000000000000000000015 /* CodexUsageParser.swift */; };
		A00000000000000000000027 /* CodexUsageLogStore.swift in Sources */ = {isa = PBXBuildFile; fileRef = A00000000000000000000016 /* CodexUsageLogStore.swift */; };
		A00000000000000000000028 /* CodexUsageSummary.swift in Sources */ = {isa = PBXBuildFile; fileRef = A00000000000000000000017 /* CodexUsageSummary.swift */; };
		A00000000000000000000029 /* CodexWatcherWidgetExtension.appex in Embed App Extensions */ = {isa = PBXBuildFile; fileRef = A00000000000000000000019 /* CodexWatcherWidgetExtension.appex */; settings = {ATTRIBUTES = (RemoveHeadersOnCopy, ); }; };
		A0000000000000000000002A /* CodexUsageAPIClient.swift in Sources */ = {isa = PBXBuildFile; fileRef = A0000000000000000000001B /* CodexUsageAPIClient.swift */; };
		A0000000000000000000002B /* CodexUsageAPIClient.swift in Sources */ = {isa = PBXBuildFile; fileRef = A0000000000000000000001B /* CodexUsageAPIClient.swift */; };
		A0000000000000000000002C /* CodexUsageProfile.swift in Sources */ = {isa = PBXBuildFile; fileRef = A0000000000000000000001C /* CodexUsageProfile.swift */; };
		A0000000000000000000002D /* CodexUsageProfile.swift in Sources */ = {isa = PBXBuildFile; fileRef = A0000000000000000000001C /* CodexUsageProfile.swift */; };
		A00000000000000000000050 /* Assets.xcassets in Resources */ = {isa = PBXBuildFile; fileRef = A0000000000000000000004F /* Assets.xcassets */; };
		A00000000000000000000051 /* Assets.xcassets in Resources */ = {isa = PBXBuildFile; fileRef = A0000000000000000000004F /* Assets.xcassets */; };
/* End PBXBuildFile section */

/* Begin PBXContainerItemProxy section */
		A00000000000000000000040 /* PBXContainerItemProxy */ = {
			isa = PBXContainerItemProxy;
			containerPortal = A00000000000000000000001 /* Project object */;
			proxyType = 1;
			remoteGlobalIDString = A00000000000000000000031;
			remoteInfo = CodexWatcherWidgetExtension;
		};
/* End PBXContainerItemProxy section */

/* Begin PBXCopyFilesBuildPhase section */
		A00000000000000000000038 /* Embed App Extensions */ = {
			isa = PBXCopyFilesBuildPhase;
			buildActionMask = 2147483647;
			dstPath = "";
			dstSubfolderSpec = 13;
			files = (
				A00000000000000000000029 /* CodexWatcherWidgetExtension.appex in Embed App Extensions */,
			);
			name = "Embed App Extensions";
			runOnlyForDeploymentPostprocessing = 0;
		};
/* End PBXCopyFilesBuildPhase section */

/* Begin PBXFileReference section */
		A00000000000000000000010 /* CodexWatcherHostApp.swift */ = {isa = PBXFileReference; lastKnownFileType = sourcecode.swift; path = CodexWatcherHostApp.swift; sourceTree = "<group>"; };
		A00000000000000000000011 /* ContentView.swift */ = {isa = PBXFileReference; lastKnownFileType = sourcecode.swift; path = ContentView.swift; sourceTree = "<group>"; };
		A00000000000000000000012 /* Info.plist */ = {isa = PBXFileReference; lastKnownFileType = text.plist.xml; path = Info.plist; sourceTree = "<group>"; };
		A00000000000000000000013 /* CodexWatcherWidget.swift */ = {isa = PBXFileReference; lastKnownFileType = sourcecode.swift; path = CodexWatcherWidget.swift; sourceTree = "<group>"; };
		A00000000000000000000014 /* Info.plist */ = {isa = PBXFileReference; lastKnownFileType = text.plist.xml; path = Info.plist; sourceTree = "<group>"; };
		A00000000000000000000015 /* CodexUsageParser.swift */ = {isa = PBXFileReference; lastKnownFileType = sourcecode.swift; path = CodexUsageParser.swift; sourceTree = "<group>"; };
		A00000000000000000000016 /* CodexUsageLogStore.swift */ = {isa = PBXFileReference; lastKnownFileType = sourcecode.swift; path = CodexUsageLogStore.swift; sourceTree = "<group>"; };
		A00000000000000000000017 /* CodexUsageSummary.swift */ = {isa = PBXFileReference; lastKnownFileType = sourcecode.swift; path = CodexUsageSummary.swift; sourceTree = "<group>"; };
		A0000000000000000000001B /* CodexUsageAPIClient.swift */ = {isa = PBXFileReference; lastKnownFileType = sourcecode.swift; path = CodexUsageAPIClient.swift; sourceTree = "<group>"; };
		A0000000000000000000001C /* CodexUsageProfile.swift */ = {isa = PBXFileReference; lastKnownFileType = sourcecode.swift; path = CodexUsageProfile.swift; sourceTree = "<group>"; };
		A0000000000000000000001A /* CodexWatcherWidget.entitlements */ = {isa = PBXFileReference; lastKnownFileType = text.plist.entitlements; path = CodexWatcherWidget.entitlements; sourceTree = "<group>"; };
		A0000000000000000000004F /* Assets.xcassets */ = {isa = PBXFileReference; lastKnownFileType = folder.assetcatalog; path = Xcode/Assets.xcassets; sourceTree = "<group>"; };
		A00000000000000000000018 /* QuotaScope.app */ = {isa = PBXFileReference; explicitFileType = wrapper.application; includeInIndex = 0; path = QuotaScope.app; sourceTree = BUILT_PRODUCTS_DIR; };
		A00000000000000000000019 /* CodexWatcherWidgetExtension.appex */ = {isa = PBXFileReference; explicitFileType = "wrapper.app-extension"; includeInIndex = 0; path = CodexWatcherWidgetExtension.appex; sourceTree = BUILT_PRODUCTS_DIR; };
/* End PBXFileReference section */

/* Begin PBXFrameworksBuildPhase section */
		A00000000000000000000036 /* Frameworks */ = {
			isa = PBXFrameworksBuildPhase;
			buildActionMask = 2147483647;
			files = (
			);
			runOnlyForDeploymentPostprocessing = 0;
		};
		A00000000000000000000037 /* Frameworks */ = {
			isa = PBXFrameworksBuildPhase;
			buildActionMask = 2147483647;
			files = (
			);
			runOnlyForDeploymentPostprocessing = 0;
		};
/* End PBXFrameworksBuildPhase section */

/* Begin PBXGroup section */
		A00000000000000000000002 = {
			isa = PBXGroup;
			children = (
				A00000000000000000000004 /* CodexWatcherHost */,
				A00000000000000000000005 /* CodexWatcherWidget */,
				A00000000000000000000006 /* CodexWatcherCore */,
				A0000000000000000000004F /* Assets.xcassets */,
				A00000000000000000000003 /* Products */,
			);
			sourceTree = "<group>";
		};
		A00000000000000000000003 /* Products */ = {
			isa = PBXGroup;
			children = (
				A00000000000000000000018 /* QuotaScope.app */,
				A00000000000000000000019 /* CodexWatcherWidgetExtension.appex */,
			);
			name = Products;
			sourceTree = "<group>";
		};
		A00000000000000000000004 /* CodexWatcherHost */ = {
			isa = PBXGroup;
			children = (
				A00000000000000000000010 /* CodexWatcherHostApp.swift */,
				A00000000000000000000011 /* ContentView.swift */,
				A00000000000000000000012 /* Info.plist */,
			);
			name = CodexWatcherHost;
			path = Xcode/CodexWatcherHost;
			sourceTree = "<group>";
		};
		A00000000000000000000005 /* CodexWatcherWidget */ = {
			isa = PBXGroup;
			children = (
				A00000000000000000000013 /* CodexWatcherWidget.swift */,
				A00000000000000000000014 /* Info.plist */,
				A0000000000000000000001A /* CodexWatcherWidget.entitlements */,
			);
			name = CodexWatcherWidget;
			path = Xcode/CodexWatcherWidget;
			sourceTree = "<group>";
		};
		A00000000000000000000006 /* CodexWatcherCore */ = {
			isa = PBXGroup;
			children = (
				A00000000000000000000015 /* CodexUsageParser.swift */,
				A00000000000000000000016 /* CodexUsageLogStore.swift */,
				A00000000000000000000017 /* CodexUsageSummary.swift */,
				A0000000000000000000001B /* CodexUsageAPIClient.swift */,
				A0000000000000000000001C /* CodexUsageProfile.swift */,
			);
			name = CodexWatcherCore;
			path = Sources/CodexWatcherCore;
			sourceTree = "<group>";
		};
/* End PBXGroup section */

/* Begin PBXNativeTarget section */
		A00000000000000000000030 /* QuotaScope */ = {
			isa = PBXNativeTarget;
			buildConfigurationList = A00000000000000000000042 /* Build configuration list for PBXNativeTarget "QuotaScope" */;
			buildPhases = (
				A00000000000000000000032 /* Sources */,
				A00000000000000000000036 /* Frameworks */,
				A00000000000000000000034 /* Resources */,
				A00000000000000000000038 /* Embed App Extensions */,
			);
			buildRules = (
			);
			dependencies = (
				A00000000000000000000039 /* PBXTargetDependency */,
			);
			name = QuotaScope;
			productName = QuotaScope;
			productReference = A00000000000000000000018 /* QuotaScope.app */;
			productType = "com.apple.product-type.application";
		};
		A00000000000000000000031 /* CodexWatcherWidgetExtension */ = {
			isa = PBXNativeTarget;
			buildConfigurationList = A00000000000000000000043 /* Build configuration list for PBXNativeTarget "CodexWatcherWidgetExtension" */;
			buildPhases = (
				A00000000000000000000033 /* Sources */,
				A00000000000000000000037 /* Frameworks */,
				A00000000000000000000035 /* Resources */,
			);
			buildRules = (
			);
			dependencies = (
			);
			name = CodexWatcherWidgetExtension;
			productName = CodexWatcherWidgetExtension;
			productReference = A00000000000000000000019 /* CodexWatcherWidgetExtension.appex */;
			productType = "com.apple.product-type.app-extension";
		};
/* End PBXNativeTarget section */

/* Begin PBXProject section */
		A00000000000000000000001 /* Project object */ = {
			isa = PBXProject;
			attributes = {
				BuildIndependentTargetsInParallel = 1;
				LastSwiftUpdateCheck = 2650;
				LastUpgradeCheck = 2650;
				TargetAttributes = {
					A00000000000000000000030 = {
						CreatedOnToolsVersion = 26.5;
					};
					A00000000000000000000031 = {
						CreatedOnToolsVersion = 26.5;
					};
				};
			};
			buildConfigurationList = A00000000000000000000041 /* Build configuration list for PBXProject "CodexWatcher" */;
			compatibilityVersion = "Xcode 14.0";
			developmentRegion = en;
			hasScannedForEncodings = 0;
			knownRegions = (
				en,
				Base,
			);
			mainGroup = A00000000000000000000002;
			productRefGroup = A00000000000000000000003 /* Products */;
			projectDirPath = "";
			projectRoot = "";
			targets = (
				A00000000000000000000030 /* QuotaScope */,
				A00000000000000000000031 /* CodexWatcherWidgetExtension */,
			);
		};
/* End PBXProject section */

/* Begin PBXResourcesBuildPhase section */
		A00000000000000000000034 /* Resources */ = {
			isa = PBXResourcesBuildPhase;
			buildActionMask = 2147483647;
			files = (
				A00000000000000000000050 /* Assets.xcassets in Resources */,
			);
			runOnlyForDeploymentPostprocessing = 0;
		};
		A00000000000000000000035 /* Resources */ = {
			isa = PBXResourcesBuildPhase;
			buildActionMask = 2147483647;
			files = (
				A00000000000000000000051 /* Assets.xcassets in Resources */,
			);
			runOnlyForDeploymentPostprocessing = 0;
		};
/* End PBXResourcesBuildPhase section */

/* Begin PBXSourcesBuildPhase section */
		A00000000000000000000032 /* Sources */ = {
			isa = PBXSourcesBuildPhase;
			buildActionMask = 2147483647;
			files = (
				A00000000000000000000020 /* CodexWatcherHostApp.swift in Sources */,
				A00000000000000000000021 /* ContentView.swift in Sources */,
				A00000000000000000000022 /* CodexUsageParser.swift in Sources */,
				A00000000000000000000023 /* CodexUsageLogStore.swift in Sources */,
				A00000000000000000000024 /* CodexUsageSummary.swift in Sources */,
				A0000000000000000000002A /* CodexUsageAPIClient.swift in Sources */,
				A0000000000000000000002C /* CodexUsageProfile.swift in Sources */,
			);
			runOnlyForDeploymentPostprocessing = 0;
		};
		A00000000000000000000033 /* Sources */ = {
			isa = PBXSourcesBuildPhase;
			buildActionMask = 2147483647;
			files = (
				A00000000000000000000025 /* CodexWatcherWidget.swift in Sources */,
				A00000000000000000000026 /* CodexUsageParser.swift in Sources */,
				A00000000000000000000027 /* CodexUsageLogStore.swift in Sources */,
				A00000000000000000000028 /* CodexUsageSummary.swift in Sources */,
				A0000000000000000000002B /* CodexUsageAPIClient.swift in Sources */,
				A0000000000000000000002D /* CodexUsageProfile.swift in Sources */,
			);
			runOnlyForDeploymentPostprocessing = 0;
		};
/* End PBXSourcesBuildPhase section */

/* Begin PBXTargetDependency section */
		A00000000000000000000039 /* PBXTargetDependency */ = {
			isa = PBXTargetDependency;
			target = A00000000000000000000031 /* CodexWatcherWidgetExtension */;
			targetProxy = A00000000000000000000040 /* PBXContainerItemProxy */;
		};
/* End PBXTargetDependency section */

/* Begin XCBuildConfiguration section */
		A00000000000000000000044 /* Debug */ = {
			isa = XCBuildConfiguration;
			buildSettings = {
				ALWAYS_SEARCH_USER_PATHS = NO;
				CLANG_ANALYZER_NONNULL = YES;
				CLANG_ANALYZER_NUMBER_OBJECT_CONVERSION = YES_AGGRESSIVE;
				CLANG_CXX_LANGUAGE_STANDARD = "gnu++20";
				CLANG_ENABLE_MODULES = YES;
				CLANG_ENABLE_OBJC_ARC = YES;
				CLANG_ENABLE_OBJC_WEAK = YES;
				CLANG_WARN_BLOCK_CAPTURE_AUTORELEASING = YES;
				CLANG_WARN_BOOL_CONVERSION = YES;
				CLANG_WARN_COMMA = YES;
				CLANG_WARN_CONSTANT_CONVERSION = YES;
				CLANG_WARN_DEPRECATED_OBJC_IMPLEMENTATIONS = YES;
				CLANG_WARN_DIRECT_OBJC_ISA_USAGE = YES_ERROR;
				CLANG_WARN_DOCUMENTATION_COMMENTS = YES;
				CLANG_WARN_EMPTY_BODY = YES;
				CLANG_WARN_ENUM_CONVERSION = YES;
				CLANG_WARN_INFINITE_RECURSION = YES;
				CLANG_WARN_INT_CONVERSION = YES;
				CLANG_WARN_NON_LITERAL_NULL_CONVERSION = YES;
				CLANG_WARN_OBJC_IMPLICIT_RETAIN_SELF = YES;
				CLANG_WARN_OBJC_LITERAL_CONVERSION = YES;
				CLANG_WARN_OBJC_ROOT_CLASS = YES_ERROR;
				CLANG_WARN_QUOTED_INCLUDE_IN_FRAMEWORK_HEADER = YES;
				CLANG_WARN_RANGE_LOOP_ANALYSIS = YES;
				CLANG_WARN_STRICT_PROTOTYPES = YES;
				CLANG_WARN_SUSPICIOUS_MOVE = YES;
				CLANG_WARN_UNGUARDED_AVAILABILITY = YES_AGGRESSIVE;
				CLANG_WARN_UNREACHABLE_CODE = YES;
				CLANG_WARN__DUPLICATE_METHOD_MATCH = YES;
				COPY_PHASE_STRIP = NO;
				DEBUG_INFORMATION_FORMAT = dwarf;
				ENABLE_STRICT_OBJC_MSGSEND = YES;
				ENABLE_TESTABILITY = YES;
				ENABLE_USER_SCRIPT_SANDBOXING = NO;
				GCC_C_LANGUAGE_STANDARD = gnu17;
				GCC_DYNAMIC_NO_PIC = NO;
				GCC_NO_COMMON_BLOCKS = YES;
				GCC_OPTIMIZATION_LEVEL = 0;
				GCC_PREPROCESSOR_DEFINITIONS = (
					"DEBUG=1",
					"$(inherited)",
				);
				GCC_WARN_64_TO_32_BIT_CONVERSION = YES;
				GCC_WARN_ABOUT_RETURN_TYPE = YES_ERROR;
				GCC_WARN_UNDECLARED_SELECTOR = YES;
				GCC_WARN_UNINITIALIZED_AUTOS = YES_AGGRESSIVE;
				GCC_WARN_UNUSED_FUNCTION = YES;
				GCC_WARN_UNUSED_VARIABLE = YES;
				MACOSX_DEPLOYMENT_TARGET = 13.0;
				MTL_ENABLE_DEBUG_INFO = INCLUDE_SOURCE;
				MTL_FAST_MATH = YES;
				ONLY_ACTIVE_ARCH = YES;
				SDKROOT = macosx;
				SWIFT_ACTIVE_COMPILATION_CONDITIONS = DEBUG;
				SWIFT_OPTIMIZATION_LEVEL = "-Onone";
				SWIFT_VERSION = 6.0;
			};
			name = Debug;
		};
		A00000000000000000000045 /* Release */ = {
			isa = XCBuildConfiguration;
			buildSettings = {
				ALWAYS_SEARCH_USER_PATHS = NO;
				CLANG_ANALYZER_NONNULL = YES;
				CLANG_ANALYZER_NUMBER_OBJECT_CONVERSION = YES_AGGRESSIVE;
				CLANG_CXX_LANGUAGE_STANDARD = "gnu++20";
				CLANG_ENABLE_MODULES = YES;
				CLANG_ENABLE_OBJC_ARC = YES;
				CLANG_ENABLE_OBJC_WEAK = YES;
				CLANG_WARN_BLOCK_CAPTURE_AUTORELEASING = YES;
				CLANG_WARN_BOOL_CONVERSION = YES;
				CLANG_WARN_COMMA = YES;
				CLANG_WARN_CONSTANT_CONVERSION = YES;
				CLANG_WARN_DEPRECATED_OBJC_IMPLEMENTATIONS = YES;
				CLANG_WARN_DIRECT_OBJC_ISA_USAGE = YES_ERROR;
				CLANG_WARN_DOCUMENTATION_COMMENTS = YES;
				CLANG_WARN_EMPTY_BODY = YES;
				CLANG_WARN_ENUM_CONVERSION = YES;
				CLANG_WARN_INFINITE_RECURSION = YES;
				CLANG_WARN_INT_CONVERSION = YES;
				CLANG_WARN_NON_LITERAL_NULL_CONVERSION = YES;
				CLANG_WARN_OBJC_IMPLICIT_RETAIN_SELF = YES;
				CLANG_WARN_OBJC_LITERAL_CONVERSION = YES;
				CLANG_WARN_OBJC_ROOT_CLASS = YES_ERROR;
				CLANG_WARN_QUOTED_INCLUDE_IN_FRAMEWORK_HEADER = YES;
				CLANG_WARN_RANGE_LOOP_ANALYSIS = YES;
				CLANG_WARN_STRICT_PROTOTYPES = YES;
				CLANG_WARN_SUSPICIOUS_MOVE = YES;
				CLANG_WARN_UNGUARDED_AVAILABILITY = YES_AGGRESSIVE;
				CLANG_WARN_UNREACHABLE_CODE = YES;
				CLANG_WARN__DUPLICATE_METHOD_MATCH = YES;
				COPY_PHASE_STRIP = NO;
				DEBUG_INFORMATION_FORMAT = "dwarf-with-dsym";
				ENABLE_NS_ASSERTIONS = NO;
				ENABLE_STRICT_OBJC_MSGSEND = YES;
				ENABLE_USER_SCRIPT_SANDBOXING = NO;
				GCC_C_LANGUAGE_STANDARD = gnu17;
				GCC_NO_COMMON_BLOCKS = YES;
				GCC_WARN_64_TO_32_BIT_CONVERSION = YES;
				GCC_WARN_ABOUT_RETURN_TYPE = YES_ERROR;
				GCC_WARN_UNDECLARED_SELECTOR = YES;
				GCC_WARN_UNINITIALIZED_AUTOS = YES_AGGRESSIVE;
				GCC_WARN_UNUSED_FUNCTION = YES;
				GCC_WARN_UNUSED_VARIABLE = YES;
				MACOSX_DEPLOYMENT_TARGET = 13.0;
				MTL_ENABLE_DEBUG_INFO = NO;
				MTL_FAST_MATH = YES;
				SDKROOT = macosx;
				SWIFT_COMPILATION_MODE = wholemodule;
				SWIFT_OPTIMIZATION_LEVEL = "-O";
				SWIFT_VERSION = 6.0;
			};
			name = Release;
		};
		A00000000000000000000046 /* Debug */ = {
			isa = XCBuildConfiguration;
			buildSettings = {
				ASSETCATALOG_COMPILER_APPICON_NAME = AppIcon;
				CODE_SIGN_IDENTITY = "-";
				CODE_SIGN_STYLE = Manual;
				COMBINE_HIDPI_IMAGES = YES;
				CURRENT_PROJECT_VERSION = 7;
				DEVELOPMENT_TEAM = "";
				GENERATE_INFOPLIST_FILE = NO;
				INFOPLIST_FILE = Xcode/CodexWatcherHost/Info.plist;
				LD_RUNPATH_SEARCH_PATHS = (
					"$(inherited)",
					"@executable_path/../Frameworks",
					"@executable_path/../PlugIns",
				);
				MARKETING_VERSION = 1.0;
				PRODUCT_BUNDLE_IDENTIFIER = "$(QUOTASCOPE_HOST_BUNDLE_ID)";
				PRODUCT_NAME = QuotaScope;
				QUOTASCOPE_HOST_BUNDLE_ID = com.jax.quotascope;
				QUOTASCOPE_WIDGET_BUNDLE_ID = com.jax.quotascope.widget;
				SDKROOT = macosx;
				SKIP_INSTALL = NO;
				SWIFT_EMIT_LOC_STRINGS = YES;
			};
			name = Debug;
		};
		A00000000000000000000047 /* Release */ = {
			isa = XCBuildConfiguration;
			buildSettings = {
				ASSETCATALOG_COMPILER_APPICON_NAME = AppIcon;
				CODE_SIGN_IDENTITY = "-";
				CODE_SIGN_STYLE = Manual;
				COMBINE_HIDPI_IMAGES = YES;
				CURRENT_PROJECT_VERSION = 7;
				DEVELOPMENT_TEAM = "";
				GENERATE_INFOPLIST_FILE = NO;
				INFOPLIST_FILE = Xcode/CodexWatcherHost/Info.plist;
				LD_RUNPATH_SEARCH_PATHS = (
					"$(inherited)",
					"@executable_path/../Frameworks",
					"@executable_path/../PlugIns",
				);
				MARKETING_VERSION = 1.0;
				PRODUCT_BUNDLE_IDENTIFIER = "$(QUOTASCOPE_HOST_BUNDLE_ID)";
				PRODUCT_NAME = QuotaScope;
				QUOTASCOPE_HOST_BUNDLE_ID = com.jax.quotascope;
				QUOTASCOPE_WIDGET_BUNDLE_ID = com.jax.quotascope.widget;
				SDKROOT = macosx;
				SKIP_INSTALL = NO;
				SWIFT_EMIT_LOC_STRINGS = YES;
			};
			name = Release;
		};
		A00000000000000000000048 /* Debug */ = {
			isa = XCBuildConfiguration;
			buildSettings = {
				APPLICATION_EXTENSION_API_ONLY = YES;
				CODE_SIGN_ENTITLEMENTS = Xcode/CodexWatcherWidget/CodexWatcherWidget.entitlements;
				CODE_SIGN_IDENTITY = "-";
				CODE_SIGN_STYLE = Manual;
				CURRENT_PROJECT_VERSION = 7;
				DEVELOPMENT_TEAM = "";
				ENABLE_APP_SANDBOX = YES;
				GENERATE_INFOPLIST_FILE = NO;
				INFOPLIST_FILE = Xcode/CodexWatcherWidget/Info.plist;
				LD_RUNPATH_SEARCH_PATHS = (
					"$(inherited)",
					"@executable_path/../Frameworks",
					"@executable_path/../../../../Frameworks",
				);
				MARKETING_VERSION = 1.0;
				PRODUCT_BUNDLE_IDENTIFIER = "$(QUOTASCOPE_WIDGET_BUNDLE_ID)";
				PRODUCT_NAME = CodexWatcherWidgetExtension;
				QUOTASCOPE_HOST_BUNDLE_ID = com.jax.quotascope;
				QUOTASCOPE_WIDGET_BUNDLE_ID = com.jax.quotascope.widget;
				SDKROOT = macosx;
				SKIP_INSTALL = YES;
				SWIFT_EMIT_LOC_STRINGS = YES;
			};
			name = Debug;
		};
		A00000000000000000000049 /* Release */ = {
			isa = XCBuildConfiguration;
			buildSettings = {
				APPLICATION_EXTENSION_API_ONLY = YES;
				CODE_SIGN_ENTITLEMENTS = Xcode/CodexWatcherWidget/CodexWatcherWidget.entitlements;
				CODE_SIGN_IDENTITY = "-";
				CODE_SIGN_STYLE = Manual;
				CURRENT_PROJECT_VERSION = 7;
				DEVELOPMENT_TEAM = "";
				ENABLE_APP_SANDBOX = YES;
				GENERATE_INFOPLIST_FILE = NO;
				INFOPLIST_FILE = Xcode/CodexWatcherWidget/Info.plist;
				LD_RUNPATH_SEARCH_PATHS = (
					"$(inherited)",
					"@executable_path/../Frameworks",
					"@executable_path/../../../../Frameworks",
				);
				MARKETING_VERSION = 1.0;
				PRODUCT_BUNDLE_IDENTIFIER = "$(QUOTASCOPE_WIDGET_BUNDLE_ID)";
				PRODUCT_NAME = CodexWatcherWidgetExtension;
				QUOTASCOPE_HOST_BUNDLE_ID = com.jax.quotascope;
				QUOTASCOPE_WIDGET_BUNDLE_ID = com.jax.quotascope.widget;
				SDKROOT = macosx;
				SKIP_INSTALL = YES;
				SWIFT_EMIT_LOC_STRINGS = YES;
			};
			name = Release;
		};
/* End XCBuildConfiguration section */

/* Begin XCConfigurationList section */
		A00000000000000000000041 /* Build configuration list for PBXProject "CodexWatcher" */ = {
			isa = XCConfigurationList;
			buildConfigurations = (
				A00000000000000000000044 /* Debug */,
				A00000000000000000000045 /* Release */,
			);
			defaultConfigurationIsVisible = 0;
			defaultConfigurationName = Release;
		};
		A00000000000000000000042 /* Build configuration list for PBXNativeTarget "QuotaScope" */ = {
			isa = XCConfigurationList;
			buildConfigurations = (
				A00000000000000000000046 /* Debug */,
				A00000000000000000000047 /* Release */,
			);
			defaultConfigurationIsVisible = 0;
			defaultConfigurationName = Release;
		};
		A00000000000000000000043 /* Build configuration list for PBXNativeTarget "CodexWatcherWidgetExtension" */ = {
			isa = XCConfigurationList;
			buildConfigurations = (
				A00000000000000000000048 /* Debug */,
				A00000000000000000000049 /* Release */,
			);
			defaultConfigurationIsVisible = 0;
			defaultConfigurationName = Release;
		};
/* End XCConfigurationList section */
	};
	rootObject = A00000000000000000000001 /* Project object */;
}
